
Microsoft Visual Studio Solution File, Format Version 12.00
# Visual Studio Version 17
VisualStudioVersion = 17.0.31611.283
MinimumVisualStudioVersion = 10.0.40219.1
Project("{9A19103F-16F7-4668-BE54-9A1E7A4F7556}") = "MauiBeyond", "MauiApp\MauiBeyond.csproj", "{AA1ADF70-1405-4DAD-8F04-A337C8DD7A58}"
EndProject
Project("{9A19103F-16F7-4668-BE54-9A1E7A4F7556}") = "MauiBeyond.Views", "MauiBeyond.Views\MauiBeyond.Views.csproj", "{6B5EB217-F8BC-4B7E-8183-CDFB79CC800A}"
EndProject
Global
	GlobalSection(SolutionConfigurationPlatforms) = preSolution
		Debug|Any CPU = Debug|Any CPU
		Release|Any CPU = Release|Any CPU
	EndGlobalSection
	GlobalSection(ProjectConfigurationPlatforms) = postSolution
		{AA1ADF70-1405-4DAD-8F04-A337C8DD7A58}.Debug|Any CPU.ActiveCfg = Debug|Any CPU
		{AA1ADF70-1405-4DAD-8F04-A337C8DD7A58}.Debug|Any CPU.Build.0 = Debug|Any CPU
		{AA1ADF70-1405-4DAD-8F04-A337C8DD7A58}.Debug|Any CPU.Deploy.0 = Debug|Any CPU
		{AA1ADF70-1405-4DAD-8F04-A337C8DD7A58}.Release|Any CPU.ActiveCfg = Release|Any CPU
		{AA1ADF70-1405-4DAD-8F04-A337C8DD7A58}.Release|Any CPU.Build.0 = Release|Any CPU
		{AA1ADF70-1405-4DAD-8F04-A337C8DD7A58}.Release|Any CPU.Deploy.0 = Release|Any CPU
		{6B5EB217-F8BC-4B7E-8183-CDFB79CC800A}.Debug|Any CPU.ActiveCfg = Debug|Any CPU
		{6B5EB217-F8BC-4B7E-8183-CDFB79CC800A}.Debug|Any CPU.Build.0 = Debug|Any CPU
		{6B5EB217-F8BC-4B7E-8183-CDFB79CC800A}.Release|Any CPU.ActiveCfg = Release|Any CPU
		{6B5EB217-F8BC-4B7E-8183-CDFB79CC800A}.Release|Any CPU.Build.0 = Release|Any CPU
	EndGlobalSection
	GlobalSection(SolutionProperties) = preSolution
		HideSolutionNode = FALSE
	EndGlobalSection
	GlobalSection(ExtensibilityGlobals) = postSolution
		SolutionGuid = {61F7FB11-1E47-470C-91E2-47F8143E1572}
	EndGlobalSection
EndGlobal
